
Microsoft Visual Studio Solution File, Format Version 12.00
Project("{FAE04EC0-301F-11D3-BF4B-00C04F79EFBC}") = "Pacman", "Pacman\Pacman.csproj", "{6760205B-958C-42C2-89E0-350BDF6F25F1}"
EndProject
Project("{FAE04EC0-301F-11D3-BF4B-00C04F79EFBC}") = "PacmanTests", "PacmanTests\PacmanTests.csproj", "{B2C37BF4-02D4-4BC6-9F39-05996A3DE363}"
EndProject
Global
	GlobalSection(SolutionConfigurationPlatforms) = preSolution
		Debug|Any CPU = Debug|Any CPU
		Release|Any CPU = Release|Any CPU
	EndGlobalSection
	GlobalSection(ProjectConfigurationPlatforms) = postSolution
		{6760205B-958C-42C2-89E0-350BDF6F25F1}.Debug|Any CPU.ActiveCfg = Debug|Any CPU
		{6760205B-958C-42C2-89E0-350BDF6F25F1}.Debug|Any CPU.Build.0 = Debug|Any CPU
		{6760205B-958C-42C2-89E0-350BDF6F25F1}.Release|Any CPU.ActiveCfg = Release|Any CPU
		{6760205B-958C-42C2-89E0-350BDF6F25F1}.Release|Any CPU.Build.0 = Release|Any CPU
		{B2C37BF4-02D4-4BC6-9F39-05996A3DE363}.Debug|Any CPU.ActiveCfg = Debug|Any CPU
		{B2C37BF4-02D4-4BC6-9F39-05996A3DE363}.Debug|Any CPU.Build.0 = Debug|Any CPU
		{B2C37BF4-02D4-4BC6-9F39-05996A3DE363}.Release|Any CPU.ActiveCfg = Release|Any CPU
		{B2C37BF4-02D4-4BC6-9F39-05996A3DE363}.Release|Any CPU.Build.0 = Release|Any CPU
	EndGlobalSection
EndGlobal
